
Microsoft Visual Studio Solution File, Format Version 12.00
# Visual Studio Version 17
VisualStudioVersion = 17.0.31903.59
MinimumVisualStudioVersion = 10.0.40219.1
Project("{2150E333-8FDC-42A3-9474-1A3956D46DE8}") = "src", "src", "{827E0CD3-B72D-47B6-A68D-7590B98EB39B}"
EndProject
Project("{FAE04EC0-301F-11D3-BF4B-00C04F79EFBC}") = "UnionGenerator", "src\UnionGenerator\UnionGenerator\UnionGenerator.csproj", "{95342810-29CD-4354-B8BF-3396AFC252DA}"
EndProject
Project("{2150E333-8FDC-42A3-9474-1A3956D46DE8}") = "tests", "tests", "{0AB3BF05-4346-4AA6-1389-037BE0695223}"
EndProject
Project("{FAE04EC0-301F-11D3-BF4B-00C04F79EFBC}") = "UnionGenerator.Tests", "tests\UnionGenerator.Tests\UnionGenerator.Tests\UnionGenerator.Tests.csproj", "{9E921759-123A-4144-8EE9-F593536629DF}"
EndProject
Project("{FAE04EC0-301F-11D3-BF4B-00C04F79EFBC}") = "UnionGenerator.OneOfCompat", "src\UnionGenerator.OneOfCompat\UnionGenerator.OneOfCompat.csproj", "{B1F4EB41-5B0A-4817-8046-76EFD430E0B7}"
EndProject
Project("{FAE04EC0-301F-11D3-BF4B-00C04F79EFBC}") = "UnionGenerator.OneOfExtensions", "src\UnionGenerator.OneOfExtensions\UnionGenerator.OneOfExtensions.csproj", "{796B8520-96E3-4E4D-AD20-A779B9EF0785}"
EndProject
Project("{FAE04EC0-301F-11D3-BF4B-00C04F79EFBC}") = "UnionGenerator.OneOfSourceGen", "src\UnionGenerator.OneOfSourceGen\UnionGenerator.OneOfSourceGen.csproj", "{E55097BC-15E6-4B86-AF03-63F098B29B6E}"
EndProject
Project("{FAE04EC0-301F-11D3-BF4B-00C04F79EFBC}") = "UnionGenerator.Analyzers", "src\UnionGenerator.Analyzers\UnionGenerator.Analyzers.csproj", "{D9520745-A10D-4FF2-BE21-61E78695B9BF}"
EndProject
Project("{FAE04EC0-301F-11D3-BF4B-00C04F79EFBC}") = "UnionGenerator.AspNetCore", "src\UnionGenerator.AspNetCore\UnionGenerator.AspNetCore.csproj", "{18D6040A-7CEB-4D3F-9882-05A27644F788}"
EndProject
Project("{FAE04EC0-301F-11D3-BF4B-00C04F79EFBC}") = "UnionGenerator.AspNetCore.Tests", "tests\UnionGenerator.AspNetCore.Tests\UnionGenerator.AspNetCore.Tests.csproj", "{4642A9CB-A6D1-4767-9157-12DAAD3A6EE6}"
EndProject
Project("{2150E333-8FDC-42A3-9474-1A3956D46DE8}") = "examples", "examples", "{B36A84DF-456D-A817-6EDD-3EC3E7F6E11F}"
	ProjectSection(SolutionItems) = preProject
		examples\README.md = examples\README.md
	EndProjectSection
EndProject
Project("{FAE04EC0-301F-11D3-BF4B-00C04F79EFBC}") = "AspNetCoreExample", "examples\aspnetcore-example\AspNetCoreExample.csproj", "{66205F9E-57F2-46FD-A5B7-0F42597BB996}"
EndProject
Project("{FAE04EC0-301F-11D3-BF4B-00C04F79EFBC}") = "EntityFrameworkExample", "examples\entityframework-example\EntityFrameworkExample.csproj", "{A1B2C3D4-E5F6-4A5B-8C7D-E8F9A0B1C2D3}"
EndProject
Project("{FAE04EC0-301F-11D3-BF4B-00C04F79EFBC}") = "FluentValidationExample", "examples\fluentvalidation-example\FluentValidationExample.csproj", "{B2C3D4E5-F6A7-5B6C-9D8E-F9A0B1C2D3E4}"
EndProject
Project("{FAE04EC0-301F-11D3-BF4B-00C04F79EFBC}") = "JsonExample", "examples\json-example\JsonExample.csproj", "{C3D4E5F6-A7B8-6C7D-AE9F-A0B1C2D3E4F5}"
EndProject
Project("{FAE04EC0-301F-11D3-BF4B-00C04F79EFBC}") = "OneOfExample", "examples\oneof-example\OneOfExample.csproj", "{D4E5F6A7-B8C9-7D8E-BF0A-B1C2D3E4F5A6}"
EndProject
Project("{FAE04EC0-301F-11D3-BF4B-00C04F79EFBC}") = "UnionGenerator.FluentValidation", "src\UnionGenerator.FluentValidation\UnionGenerator.FluentValidation.csproj", "{E3A3878C-AA03-4818-BC54-88A9590AE898}"
EndProject
Project("{FAE04EC0-301F-11D3-BF4B-00C04F79EFBC}") = "UnionGenerator.FluentValidation.Tests", "tests\UnionGenerator.FluentValidation.Tests\UnionGenerator.FluentValidation.Tests.csproj", "{F061FC02-9860-4759-BECE-DBECA0DEAF45}"
EndProject
Project("{FAE04EC0-301F-11D3-BF4B-00C04F79EFBC}") = "UnionGenerator.EntityFrameworkCore", "src\UnionGenerator.EntityFrameworkCore\UnionGenerator.EntityFrameworkCore.csproj", "{17A42904-32B4-4518-A11D-1AE4D7CB3961}"
EndProject
Project("{FAE04EC0-301F-11D3-BF4B-00C04F79EFBC}") = "UnionGenerator.EntityFrameworkCore.Tests", "tests\UnionGenerator.EntityFrameworkCore.Tests\UnionGenerator.EntityFrameworkCore.Tests.csproj", "{1E474429-78F0-4F14-A535-FE07D7F50CDD}"
EndProject
Global
	GlobalSection(SolutionConfigurationPlatforms) = preSolution
		Debug|Any CPU = Debug|Any CPU
		Debug|x64 = Debug|x64
		Debug|x86 = Debug|x86
		Release|Any CPU = Release|Any CPU
		Release|x64 = Release|x64
		Release|x86 = Release|x86
	EndGlobalSection
	GlobalSection(ProjectConfigurationPlatforms) = postSolution
		{95342810-29CD-4354-B8BF-3396AFC252DA}.Debug|Any CPU.ActiveCfg = Debug|Any CPU
		{95342810-29CD-4354-B8BF-3396AFC252DA}.Debug|Any CPU.Build.0 = Debug|Any CPU
		{95342810-29CD-4354-B8BF-3396AFC252DA}.Debug|x64.ActiveCfg = Debug|Any CPU
		{95342810-29CD-4354-B8BF-3396AFC252DA}.Debug|x64.Build.0 = Debug|Any CPU
		{95342810-29CD-4354-B8BF-3396AFC252DA}.Debug|x86.ActiveCfg = Debug|Any CPU
		{95342810-29CD-4354-B8BF-3396AFC252DA}.Debug|x86.Build.0 = Debug|Any CPU
		{95342810-29CD-4354-B8BF-3396AFC252DA}.Release|Any CPU.ActiveCfg = Release|Any CPU
		{95342810-29CD-4354-B8BF-3396AFC252DA}.Release|Any CPU.Build.0 = Release|Any CPU
		{95342810-29CD-4354-B8BF-3396AFC252DA}.Release|x64.ActiveCfg = Release|Any CPU
		{95342810-29CD-4354-B8BF-3396AFC252DA}.Release|x64.Build.0 = Release|Any CPU
		{95342810-29CD-4354-B8BF-3396AFC252DA}.Release|x86.ActiveCfg = Release|Any CPU
		{95342810-29CD-4354-B8BF-3396AFC252DA}.Release|x86.Build.0 = Release|Any CPU
		{9E921759-123A-4144-8EE9-F593536629DF}.Debug|Any CPU.ActiveCfg = Debug|Any CPU
		{9E921759-123A-4144-8EE9-F593536629DF}.Debug|Any CPU.Build.0 = Debug|Any CPU
		{9E921759-123A-4144-8EE9-F593536629DF}.Debug|x64.ActiveCfg = Debug|Any CPU
		{9E921759-123A-4144-8EE9-F593536629DF}.Debug|x64.Build.0 = Debug|Any CPU
		{9E921759-123A-4144-8EE9-F593536629DF}.Debug|x86.ActiveCfg = Debug|Any CPU
		{9E921759-123A-4144-8EE9-F593536629DF}.Debug|x86.Build.0 = Debug|Any CPU
		{9E921759-123A-4144-8EE9-F593536629DF}.Release|Any CPU.ActiveCfg = Release|Any CPU
		{9E921759-123A-4144-8EE9-F593536629DF}.Release|Any CPU.Build.0 = Release|Any CPU
		{9E921759-123A-4144-8EE9-F593536629DF}.Release|x64.ActiveCfg = Release|Any CPU
		{9E921759-123A-4144-8EE9-F593536629DF}.Release|x64.Build.0 = Release|Any CPU
		{9E921759-123A-4144-8EE9-F593536629DF}.Release|x86.ActiveCfg = Release|Any CPU
		{9E921759-123A-4144-8EE9-F593536629DF}.Release|x86.Build.0 = Release|Any CPU
		{B1F4EB41-5B0A-4817-8046-76EFD430E0B7}.Debug|Any CPU.ActiveCfg = Debug|Any CPU
		{B1F4EB41-5B0A-4817-8046-76EFD430E0B7}.Debug|Any CPU.Build.0 = Debug|Any CPU
		{B1F4EB41-5B0A-4817-8046-76EFD430E0B7}.Debug|x64.ActiveCfg = Debug|Any CPU
		{B1F4EB41-5B0A-4817-8046-76EFD430E0B7}.Debug|x64.Build.0 = Debug|Any CPU
		{B1F4EB41-5B0A-4817-8046-76EFD430E0B7}.Debug|x86.ActiveCfg = Debug|Any CPU
		{B1F4EB41-5B0A-4817-8046-76EFD430E0B7}.Debug|x86.Build.0 = Debug|Any CPU
		{B1F4EB41-5B0A-4817-8046-76EFD430E0B7}.Release|Any CPU.ActiveCfg = Release|Any CPU
		{B1F4EB41-5B0A-4817-8046-76EFD430E0B7}.Release|Any CPU.Build.0 = Release|Any CPU
		{B1F4EB41-5B0A-4817-8046-76EFD430E0B7}.Release|x64.ActiveCfg = Release|Any CPU
		{B1F4EB41-5B0A-4817-8046-76EFD430E0B7}.Release|x64.Build.0 = Release|Any CPU
		{B1F4EB41-5B0A-4817-8046-76EFD430E0B7}.Release|x86.ActiveCfg = Release|Any CPU
		{B1F4EB41-5B0A-4817-8046-76EFD430E0B7}.Release|x86.Build.0 = Release|Any CPU
		{796B8520-96E3-4E4D-AD20-A779B9EF0785}.Debug|Any CPU.ActiveCfg = Debug|Any CPU
		{796B8520-96E3-4E4D-AD20-A779B9EF0785}.Debug|Any CPU.Build.0 = Debug|Any CPU
		{796B8520-96E3-4E4D-AD20-A779B9EF0785}.Debug|x64.ActiveCfg = Debug|Any CPU
		{796B8520-96E3-4E4D-AD20-A779B9EF0785}.Debug|x64.Build.0 = Debug|Any CPU
		{796B8520-96E3-4E4D-AD20-A779B9EF0785}.Debug|x86.ActiveCfg = Debug|Any CPU
		{796B8520-96E3-4E4D-AD20-A779B9EF0785}.Debug|x86.Build.0 = Debug|Any CPU
		{796B8520-96E3-4E4D-AD20-A779B9EF0785}.Release|Any CPU.ActiveCfg = Release|Any CPU
		{796B8520-96E3-4E4D-AD20-A779B9EF0785}.Release|Any CPU.Build.0 = Release|Any CPU
		{796B8520-96E3-4E4D-AD20-A779B9EF0785}.Release|x64.ActiveCfg = Release|Any CPU
		{796B8520-96E3-4E4D-AD20-A779B9EF0785}.Release|x64.Build.0 = Release|Any CPU
		{796B8520-96E3-4E4D-AD20-A779B9EF0785}.Release|x86.ActiveCfg = Release|Any CPU
		{796B8520-96E3-4E4D-AD20-A779B9EF0785}.Release|x86.Build.0 = Release|Any CPU
		{E55097BC-15E6-4B86-AF03-63F098B29B6E}.Debug|Any CPU.ActiveCfg = Debug|Any CPU
		{E55097BC-15E6-4B86-AF03-63F098B29B6E}.Debug|Any CPU.Build.0 = Debug|Any CPU
		{E55097BC-15E6-4B86-AF03-63F098B29B6E}.Debug|x64.ActiveCfg = Debug|Any CPU
		{E55097BC-15E6-4B86-AF03-63F098B29B6E}.Debug|x64.Build.0 = Debug|Any CPU
		{E55097BC-15E6-4B86-AF03-63F098B29B6E}.Debug|x86.ActiveCfg = Debug|Any CPU
		{E55097BC-15E6-4B86-AF03-63F098B29B6E}.Debug|x86.Build.0 = Debug|Any CPU
		{E55097BC-15E6-4B86-AF03-63F098B29B6E}.Release|Any CPU.ActiveCfg = Release|Any CPU
		{E55097BC-15E6-4B86-AF03-63F098B29B6E}.Release|Any CPU.Build.0 = Release|Any CPU
		{E55097BC-15E6-4B86-AF03-63F098B29B6E}.Release|x64.ActiveCfg = Release|Any CPU
		{E55097BC-15E6-4B86-AF03-63F098B29B6E}.Release|x64.Build.0 = Release|Any CPU
		{E55097BC-15E6-4B86-AF03-63F098B29B6E}.Release|x86.ActiveCfg = Release|Any CPU
		{E55097BC-15E6-4B86-AF03-63F098B29B6E}.Release|x86.Build.0 = Release|Any CPU
		{D9520745-A10D-4FF2-BE21-61E78695B9BF}.Debug|Any CPU.ActiveCfg = Debug|Any CPU
		{D9520745-A10D-4FF2-BE21-61E78695B9BF}.Debug|Any CPU.Build.0 = Debug|Any CPU
		{D9520745-A10D-4FF2-BE21-61E78695B9BF}.Debug|x64.ActiveCfg = Debug|Any CPU
		{D9520745-A10D-4FF2-BE21-61E78695B9BF}.Debug|x64.Build.0 = Debug|Any CPU
		{D9520745-A10D-4FF2-BE21-61E78695B9BF}.Debug|x86.ActiveCfg = Debug|Any CPU
		{D9520745-A10D-4FF2-BE21-61E78695B9BF}.Debug|x86.Build.0 = Debug|Any CPU
		{D9520745-A10D-4FF2-BE21-61E78695B9BF}.Release|Any CPU.ActiveCfg = Release|Any CPU
		{D9520745-A10D-4FF2-BE21-61E78695B9BF}.Release|Any CPU.Build.0 = Release|Any CPU
		{D9520745-A10D-4FF2-BE21-61E78695B9BF}.Release|x64.ActiveCfg = Release|Any CPU
		{D9520745-A10D-4FF2-BE21-61E78695B9BF}.Release|x64.Build.0 = Release|Any CPU
		{D9520745-A10D-4FF2-BE21-61E78695B9BF}.Release|x86.ActiveCfg = Release|Any CPU
		{D9520745-A10D-4FF2-BE21-61E78695B9BF}.Release|x86.Build.0 = Release|Any CPU
		{18D6040A-7CEB-4D3F-9882-05A27644F788}.Debug|Any CPU.ActiveCfg = Debug|Any CPU
		{18D6040A-7CEB-4D3F-9882-05A27644F788}.Debug|Any CPU.Build.0 = Debug|Any CPU
		{18D6040A-7CEB-4D3F-9882-05A27644F788}.Debug|x64.ActiveCfg = Debug|Any CPU
		{18D6040A-7CEB-4D3F-9882-05A27644F788}.Debug|x64.Build.0 = Debug|Any CPU
		{18D6040A-7CEB-4D3F-9882-05A27644F788}.Debug|x86.ActiveCfg = Debug|Any CPU
		{18D6040A-7CEB-4D3F-9882-05A27644F788}.Debug|x86.Build.0 = Debug|Any CPU
		{18D6040A-7CEB-4D3F-9882-05A27644F788}.Release|Any CPU.ActiveCfg = Release|Any CPU
		{18D6040A-7CEB-4D3F-9882-05A27644F788}.Release|Any CPU.Build.0 = Release|Any CPU
		{18D6040A-7CEB-4D3F-9882-05A27644F788}.Release|x64.ActiveCfg = Release|Any CPU
		{18D6040A-7CEB-4D3F-9882-05A27644F788}.Release|x64.Build.0 = Release|Any CPU
		{18D6040A-7CEB-4D3F-9882-05A27644F788}.Release|x86.ActiveCfg = Release|Any CPU
		{18D6040A-7CEB-4D3F-9882-05A27644F788}.Release|x86.Build.0 = Release|Any CPU
		{4642A9CB-A6D1-4767-9157-12DAAD3A6EE6}.Debug|Any CPU.ActiveCfg = Debug|Any CPU
		{4642A9CB-A6D1-4767-9157-12DAAD3A6EE6}.Debug|Any CPU.Build.0 = Debug|Any CPU
		{4642A9CB-A6D1-4767-9157-12DAAD3A6EE6}.Debug|x64.ActiveCfg = Debug|Any CPU
		{4642A9CB-A6D1-4767-9157-12DAAD3A6EE6}.Debug|x64.Build.0 = Debug|Any CPU
		{4642A9CB-A6D1-4767-9157-12DAAD3A6EE6}.Debug|x86.ActiveCfg = Debug|Any CPU
		{4642A9CB-A6D1-4767-9157-12DAAD3A6EE6}.Debug|x86.Build.0 = Debug|Any CPU
		{4642A9CB-A6D1-4767-9157-12DAAD3A6EE6}.Release|Any CPU.ActiveCfg = Release|Any CPU
		{4642A9CB-A6D1-4767-9157-12DAAD3A6EE6}.Release|Any CPU.Build.0 = Release|Any CPU
		{4642A9CB-A6D1-4767-9157-12DAAD3A6EE6}.Release|x64.ActiveCfg = Release|Any CPU
		{4642A9CB-A6D1-4767-9157-12DAAD3A6EE6}.Release|x64.Build.0 = Release|Any CPU
		{4642A9CB-A6D1-4767-9157-12DAAD3A6EE6}.Release|x86.ActiveCfg = Release|Any CPU
		{4642A9CB-A6D1-4767-9157-12DAAD3A6EE6}.Release|x86.Build.0 = Release|Any CPU
		{66205F9E-57F2-46FD-A5B7-0F42597BB996}.Debug|Any CPU.ActiveCfg = Debug|Any CPU
		{66205F9E-57F2-46FD-A5B7-0F42597BB996}.Debug|Any CPU.Build.0 = Debug|Any CPU
		{66205F9E-57F2-46FD-A5B7-0F42597BB996}.Debug|x64.ActiveCfg = Debug|Any CPU
		{66205F9E-57F2-46FD-A5B7-0F42597BB996}.Debug|x64.Build.0 = Debug|Any CPU
		{66205F9E-57F2-46FD-A5B7-0F42597BB996}.Debug|x86.ActiveCfg = Debug|Any CPU
		{66205F9E-57F2-46FD-A5B7-0F42597BB996}.Debug|x86.Build.0 = Debug|Any CPU
		{66205F9E-57F2-46FD-A5B7-0F42597BB996}.Release|Any CPU.ActiveCfg = Release|Any CPU
		{66205F9E-57F2-46FD-A5B7-0F42597BB996}.Release|Any CPU.Build.0 = Release|Any CPU
		{66205F9E-57F2-46FD-A5B7-0F42597BB996}.Release|x64.ActiveCfg = Release|Any CPU
		{66205F9E-57F2-46FD-A5B7-0F42597BB996}.Release|x64.Build.0 = Release|Any CPU
		{66205F9E-57F2-46FD-A5B7-0F42597BB996}.Release|x86.ActiveCfg = Release|Any CPU
		{66205F9E-57F2-46FD-A5B7-0F42597BB996}.Release|x86.Build.0 = Release|Any CPU
		{A1B2C3D4-E5F6-4A5B-8C7D-E8F9A0B1C2D3}.Debug|Any CPU.ActiveCfg = Debug|Any CPU
		{A1B2C3D4-E5F6-4A5B-8C7D-E8F9A0B1C2D3}.Debug|Any CPU.Build.0 = Debug|Any CPU
		{A1B2C3D4-E5F6-4A5B-8C7D-E8F9A0B1C2D3}.Debug|x64.ActiveCfg = Debug|Any CPU
		{A1B2C3D4-E5F6-4A5B-8C7D-E8F9A0B1C2D3}.Debug|x64.Build.0 = Debug|Any CPU
		{A1B2C3D4-E5F6-4A5B-8C7D-E8F9A0B1C2D3}.Debug|x86.ActiveCfg = Debug|Any CPU
		{A1B2C3D4-E5F6-4A5B-8C7D-E8F9A0B1C2D3}.Debug|x86.Build.0 = Debug|Any CPU
		{A1B2C3D4-E5F6-4A5B-8C7D-E8F9A0B1C2D3}.Release|Any CPU.ActiveCfg = Release|Any CPU
		{A1B2C3D4-E5F6-4A5B-8C7D-E8F9A0B1C2D3}.Release|Any CPU.Build.0 = Release|Any CPU
		{A1B2C3D4-E5F6-4A5B-8C7D-E8F9A0B1C2D3}.Release|x64.ActiveCfg = Release|Any CPU
		{A1B2C3D4-E5F6-4A5B-8C7D-E8F9A0B1C2D3}.Release|x64.Build.0 = Release|Any CPU
		{A1B2C3D4-E5F6-4A5B-8C7D-E8F9A0B1C2D3}.Release|x86.ActiveCfg = Release|Any CPU
		{A1B2C3D4-E5F6-4A5B-8C7D-E8F9A0B1C2D3}.Release|x86.Build.0 = Release|Any CPU
		{B2C3D4E5-F6A7-5B6C-9D8E-F9A0B1C2D3E4}.Debug|Any CPU.ActiveCfg = Debug|Any CPU
		{B2C3D4E5-F6A7-5B6C-9D8E-F9A0B1C2D3E4}.Debug|Any CPU.Build.0 = Debug|Any CPU
		{B2C3D4E5-F6A7-5B6C-9D8E-F9A0B1C2D3E4}.Debug|x64.ActiveCfg = Debug|Any CPU
		{B2C3D4E5-F6A7-5B6C-9D8E-F9A0B1C2D3E4}.Debug|x64.Build.0 = Debug|Any CPU
		{B2C3D4E5-F6A7-5B6C-9D8E-F9A0B1C2D3E4}.Debug|x86.ActiveCfg = Debug|Any CPU
		{B2C3D4E5-F6A7-5B6C-9D8E-F9A0B1C2D3E4}.Debug|x86.Build.0 = Debug|Any CPU
		{B2C3D4E5-F6A7-5B6C-9D8E-F9A0B1C2D3E4}.Release|Any CPU.ActiveCfg = Release|Any CPU
		{B2C3D4E5-F6A7-5B6C-9D8E-F9A0B1C2D3E4}.Release|Any CPU.Build.0 = Release|Any CPU
		{B2C3D4E5-F6A7-5B6C-9D8E-F9A0B1C2D3E4}.Release|x64.ActiveCfg = Release|Any CPU
		{B2C3D4E5-F6A7-5B6C-9D8E-F9A0B1C2D3E4}.Release|x64.Build.0 = Release|Any CPU
		{B2C3D4E5-F6A7-5B6C-9D8E-F9A0B1C2D3E4}.Release|x86.ActiveCfg = Release|Any CPU
		{B2C3D4E5-F6A7-5B6C-9D8E-F9A0B1C2D3E4}.Release|x86.Build.0 = Release|Any CPU
		{C3D4E5F6-A7B8-6C7D-AE9F-A0B1C2D3E4F5}.Debug|Any CPU.ActiveCfg = Debug|Any CPU
		{C3D4E5F6-A7B8-6C7D-AE9F-A0B1C2D3E4F5}.Debug|Any CPU.Build.0 = Debug|Any CPU
		{C3D4E5F6-A7B8-6C7D-AE9F-A0B1C2D3E4F5}.Debug|x64.ActiveCfg = Debug|Any CPU
		{C3D4E5F6-A7B8-6C7D-AE9F-A0B1C2D3E4F5}.Debug|x64.Build.0 = Debug|Any CPU
		{C3D4E5F6-A7B8-6C7D-AE9F-A0B1C2D3E4F5}.Debug|x86.ActiveCfg = Debug|Any CPU
		{C3D4E5F6-A7B8-6C7D-AE9F-A0B1C2D3E4F5}.Debug|x86.Build.0 = Debug|Any CPU
		{C3D4E5F6-A7B8-6C7D-AE9F-A0B1C2D3E4F5}.Release|Any CPU.ActiveCfg = Release|Any CPU
		{C3D4E5F6-A7B8-6C7D-AE9F-A0B1C2D3E4F5}.Release|Any CPU.Build.0 = Release|Any CPU
		{C3D4E5F6-A7B8-6C7D-AE9F-A0B1C2D3E4F5}.Release|x64.ActiveCfg = Release|Any CPU
		{C3D4E5F6-A7B8-6C7D-AE9F-A0B1C2D3E4F5}.Release|x64.Build.0 = Release|Any CPU
		{C3D4E5F6-A7B8-6C7D-AE9F-A0B1C2D3E4F5}.Release|x86.ActiveCfg = Release|Any CPU
		{C3D4E5F6-A7B8-6C7D-AE9F-A0B1C2D3E4F5}.Release|x86.Build.0 = Release|Any CPU
		{D4E5F6A7-B8C9-7D8E-BF0A-B1C2D3E4F5A6}.Debug|Any CPU.ActiveCfg = Debug|Any CPU
		{D4E5F6A7-B8C9-7D8E-BF0A-B1C2D3E4F5A6}.Debug|Any CPU.Build.0 = Debug|Any CPU
		{D4E5F6A7-B8C9-7D8E-BF0A-B1C2D3E4F5A6}.Debug|x64.ActiveCfg = Debug|Any CPU
		{D4E5F6A7-B8C9-7D8E-BF0A-B1C2D3E4F5A6}.Debug|x64.Build.0 = Debug|Any CPU
		{D4E5F6A7-B8C9-7D8E-BF0A-B1C2D3E4F5A6}.Debug|x86.ActiveCfg = Debug|Any CPU
		{D4E5F6A7-B8C9-7D8E-BF0A-B1C2D3E4F5A6}.Debug|x86.Build.0 = Debug|Any CPU
		{D4E5F6A7-B8C9-7D8E-BF0A-B1C2D3E4F5A6}.Release|Any CPU.ActiveCfg = Release|Any CPU
		{D4E5F6A7-B8C9-7D8E-BF0A-B1C2D3E4F5A6}.Release|Any CPU.Build.0 = Release|Any CPU
		{D4E5F6A7-B8C9-7D8E-BF0A-B1C2D3E4F5A6}.Release|x64.ActiveCfg = Release|Any CPU
		{D4E5F6A7-B8C9-7D8E-BF0A-B1C2D3E4F5A6}.Release|x64.Build.0 = Release|Any CPU
		{D4E5F6A7-B8C9-7D8E-BF0A-B1C2D3E4F5A6}.Release|x86.ActiveCfg = Release|Any CPU
		{D4E5F6A7-B8C9-7D8E-BF0A-B1C2D3E4F5A6}.Release|x86.Build.0 = Release|Any CPU
		{E3A3878C-AA03-4818-BC54-88A9590AE898}.Debug|Any CPU.ActiveCfg = Debug|Any CPU
		{E3A3878C-AA03-4818-BC54-88A9590AE898}.Debug|Any CPU.Build.0 = Debug|Any CPU
		{E3A3878C-AA03-4818-BC54-88A9590AE898}.Debug|x64.ActiveCfg = Debug|Any CPU
		{E3A3878C-AA03-4818-BC54-88A9590AE898}.Debug|x64.Build.0 = Debug|Any CPU
		{E3A3878C-AA03-4818-BC54-88A9590AE898}.Debug|x86.ActiveCfg = Debug|Any CPU
		{E3A3878C-AA03-4818-BC54-88A9590AE898}.Debug|x86.Build.0 = Debug|Any CPU
		{E3A3878C-AA03-4818-BC54-88A9590AE898}.Release|Any CPU.ActiveCfg = Release|Any CPU
		{E3A3878C-AA03-4818-BC54-88A9590AE898}.Release|Any CPU.Build.0 = Release|Any CPU
		{E3A3878C-AA03-4818-BC54-88A9590AE898}.Release|x64.ActiveCfg = Release|Any CPU
		{E3A3878C-AA03-4818-BC54-88A9590AE898}.Release|x64.Build.0 = Release|Any CPU
		{E3A3878C-AA03-4818-BC54-88A9590AE898}.Release|x86.ActiveCfg = Release|Any CPU
		{E3A3878C-AA03-4818-BC54-88A9590AE898}.Release|x86.Build.0 = Release|Any CPU
		{F061FC02-9860-4759-BECE-DBECA0DEAF45}.Debug|Any CPU.ActiveCfg = Debug|Any CPU
		{F061FC02-9860-4759-BECE-DBECA0DEAF45}.Debug|Any CPU.Build.0 = Debug|Any CPU
		{F061FC02-9860-4759-BECE-DBECA0DEAF45}.Debug|x64.ActiveCfg = Debug|Any CPU
		{F061FC02-9860-4759-BECE-DBECA0DEAF45}.Debug|x64.Build.0 = Debug|Any CPU
		{F061FC02-9860-4759-BECE-DBECA0DEAF45}.Debug|x86.ActiveCfg = Debug|Any CPU
		{F061FC02-9860-4759-BECE-DBECA0DEAF45}.Debug|x86.Build.0 = Debug|Any CPU
		{F061FC02-9860-4759-BECE-DBECA0DEAF45}.Release|Any CPU.ActiveCfg = Release|Any CPU
		{F061FC02-9860-4759-BECE-DBECA0DEAF45}.Release|Any CPU.Build.0 = Release|Any CPU
		{F061FC02-9860-4759-BECE-DBECA0DEAF45}.Release|x64.ActiveCfg = Release|Any CPU
		{F061FC02-9860-4759-BECE-DBECA0DEAF45}.Release|x64.Build.0 = Release|Any CPU
		{F061FC02-9860-4759-BECE-DBECA0DEAF45}.Release|x86.ActiveCfg = Release|Any CPU
		{F061FC02-9860-4759-BECE-DBECA0DEAF45}.Release|x86.Build.0 = Release|Any CPU
		{17A42904-32B4-4518-A11D-1AE4D7CB3961}.Debug|Any CPU.ActiveCfg = Debug|Any CPU
		{17A42904-32B4-4518-A11D-1AE4D7CB3961}.Debug|Any CPU.Build.0 = Debug|Any CPU
		{17A42904-32B4-4518-A11D-1AE4D7CB3961}.Debug|x64.ActiveCfg = Debug|Any CPU
		{17A42904-32B4-4518-A11D-1AE4D7CB3961}.Debug|x64.Build.0 = Debug|Any CPU
		{17A42904-32B4-4518-A11D-1AE4D7CB3961}.Debug|x86.ActiveCfg = Debug|Any CPU
		{17A42904-32B4-4518-A11D-1AE4D7CB3961}.Debug|x86.Build.0 = Debug|Any CPU
		{17A42904-32B4-4518-A11D-1AE4D7CB3961}.Release|Any CPU.ActiveCfg = Release|Any CPU
		{17A42904-32B4-4518-A11D-1AE4D7CB3961}.Release|Any CPU.Build.0 = Release|Any CPU
		{17A42904-32B4-4518-A11D-1AE4D7CB3961}.Release|x64.ActiveCfg = Release|Any CPU
		{17A42904-32B4-4518-A11D-1AE4D7CB3961}.Release|x64.Build.0 = Release|Any CPU
		{17A42904-32B4-4518-A11D-1AE4D7CB3961}.Release|x86.ActiveCfg = Release|Any CPU
		{17A42904-32B4-4518-A11D-1AE4D7CB3961}.Release|x86.Build.0 = Release|Any CPU
		{1E474429-78F0-4F14-A535-FE07D7F50CDD}.Debug|Any CPU.ActiveCfg = Debug|Any CPU
		{1E474429-78F0-4F14-A535-FE07D7F50CDD}.Debug|Any CPU.Build.0 = Debug|Any CPU
		{1E474429-78F0-4F14-A535-FE07D7F50CDD}.Debug|x64.ActiveCfg = Debug|Any CPU
		{1E474429-78F0-4F14-A535-FE07D7F50CDD}.Debug|x64.Build.0 = Debug|Any CPU
		{1E474429-78F0-4F14-A535-FE07D7F50CDD}.Debug|x86.ActiveCfg = Debug|Any CPU
		{1E474429-78F0-4F14-A535-FE07D7F50CDD}.Debug|x86.Build.0 = Debug|Any CPU
		{1E474429-78F0-4F14-A535-FE07D7F50CDD}.Release|Any CPU.ActiveCfg = Release|Any CPU
		{1E474429-78F0-4F14-A535-FE07D7F50CDD}.Release|Any CPU.Build.0 = Release|Any CPU
		{1E474429-78F0-4F14-A535-FE07D7F50CDD}.Release|x64.ActiveCfg = Release|Any CPU
		{1E474429-78F0-4F14-A535-FE07D7F50CDD}.Release|x64.Build.0 = Release|Any CPU
		{1E474429-78F0-4F14-A535-FE07D7F50CDD}.Release|x86.ActiveCfg = Release|Any CPU
		{1E474429-78F0-4F14-A535-FE07D7F50CDD}.Release|x86.Build.0 = Release|Any CPU
	EndGlobalSection
	GlobalSection(SolutionProperties) = preSolution
		HideSolutionNode = FALSE
	EndGlobalSection
	GlobalSection(NestedProjects) = preSolution
		{E3A3878C-AA03-4818-BC54-88A9590AE898} = {827E0CD3-B72D-47B6-A68D-7590B98EB39B}
		{F061FC02-9860-4759-BECE-DBECA0DEAF45} = {0AB3BF05-4346-4AA6-1389-037BE0695223}
		{17A42904-32B4-4518-A11D-1AE4D7CB3961} = {827E0CD3-B72D-47B6-A68D-7590B98EB39B}
		{1E474429-78F0-4F14-A535-FE07D7F50CDD} = {0AB3BF05-4346-4AA6-1389-037BE0695223}
		{B1F4EB41-5B0A-4817-8046-76EFD430E0B7} = {827E0CD3-B72D-47B6-A68D-7590B98EB39B}
		{E55097BC-15E6-4B86-AF03-63F098B29B6E} = {827E0CD3-B72D-47B6-A68D-7590B98EB39B}
		{796B8520-96E3-4E4D-AD20-A779B9EF0785} = {827E0CD3-B72D-47B6-A68D-7590B98EB39B}
		{95342810-29CD-4354-B8BF-3396AFC252DA} = {827E0CD3-B72D-47B6-A68D-7590B98EB39B}
		{D9520745-A10D-4FF2-BE21-61E78695B9BF} = {827E0CD3-B72D-47B6-A68D-7590B98EB39B}
		{18D6040A-7CEB-4D3F-9882-05A27644F788} = {827E0CD3-B72D-47B6-A68D-7590B98EB39B}
		{66205F9E-57F2-46FD-A5B7-0F42597BB996} = {B36A84DF-456D-A817-6EDD-3EC3E7F6E11F}
		{A1B2C3D4-E5F6-4A5B-8C7D-E8F9A0B1C2D3} = {B36A84DF-456D-A817-6EDD-3EC3E7F6E11F}
		{B2C3D4E5-F6A7-5B6C-9D8E-F9A0B1C2D3E4} = {B36A84DF-456D-A817-6EDD-3EC3E7F6E11F}
		{C3D4E5F6-A7B8-6C7D-AE9F-A0B1C2D3E4F5} = {B36A84DF-456D-A817-6EDD-3EC3E7F6E11F}
		{D4E5F6A7-B8C9-7D8E-BF0A-B1C2D3E4F5A6} = {B36A84DF-456D-A817-6EDD-3EC3E7F6E11F}
		{4642A9CB-A6D1-4767-9157-12DAAD3A6EE6} = {0AB3BF05-4346-4AA6-1389-037BE0695223}
		{9E921759-123A-4144-8EE9-F593536629DF} = {0AB3BF05-4346-4AA6-1389-037BE0695223}
	EndGlobalSection
EndGlobal
